<?xml version="1.0" encoding="utf-8"?>
<Project ToolsVersion="4.0" xmlns="http://schemas.microsoft.com/developer/msbuild/2003">
  <ItemGroup>
    <Filter Include="01. Core">
      <UniqueIdentifier>{cb8c8820-1ece-4654-8e5c-fde2cd8a86e4}</UniqueIdentifier>
    </Filter>
    <Filter Include="01. Core\01. Device">
      <UniqueIdentifier>{0acb2d45-b016-48b5-a287-6e384dfc0f4c}</UniqueIdentifier>
    </Filter>
    <Filter Include="02. Resources">
      <UniqueIdentifier>{5b246b34-8f1e-4782-b307-8f98db22e155}</UniqueIdentifier>
    </Filter>
    <Filter Include="02. Resources\01. Mesh">
      <UniqueIdentifier>{32ef0475-6670-4412-b650-e169df8b0087}</UniqueIdentifier>
    </Filter>
    <Filter Include="02. Resources\02. Texture">
      <UniqueIdentifier>{8fac4c6e-7ad2-469f-b1ac-b34a8ee6031d}</UniqueIdentifier>
    </Filter>
    <Filter Include="03. Rendering">
      <UniqueIdentifier>{fec80264-0868-4322-ba6a-52bbcef85a26}</UniqueIdentifier>
    </Filter>
    <Filter Include="03. Rendering\01. Shader">
      <UniqueIdentifier>{ed4030bc-1084-468e-882c-2c397cd17d15}</UniqueIdentifier>
    </Filter>
    <Filter Include="03. Rendering\01. Shader\01. HLSL">
      <UniqueIdentifier>{f4b10356-e4d4-4432-849d-615cb2a257b1}</UniqueIdentifier>
    </Filter>
    <Filter Include="04. Scene">
      <UniqueIdentifier>{ea7ebd1f-80da-4055-b82e-87f24f70f8a0}</UniqueIdentifier>
    </Filter>
    <Filter Include="05. GameObject">
      <UniqueIdentifier>{1a241918-1c1c-4a34-a5f8-0f5a3e3c074f}</UniqueIdentifier>
    </Filter>
    <Filter Include="06. Component">
      <UniqueIdentifier>{824ac26c-30dc-4be9-b545-e4e2b5996f73}</UniqueIdentifier>
    </Filter>
    <Filter Include="06. Component\01. Transform">
      <UniqueIdentifier>{2af21b26-e5a4-459f-8ac3-ffb4574dedab}</UniqueIdentifier>
    </Filter>
    <Filter Include="06. Component\02. Renderer">
      <UniqueIdentifier>{ae1db8a3-c50c-40dc-8a46-f17043837e46}</UniqueIdentifier>
    </Filter>
    <Filter Include="06. Component\03. UserComponent">
      <UniqueIdentifier>{77c33e1f-1491-40b0-8dee-c306d987d9a2}</UniqueIdentifier>
    </Filter>
    <Filter Include="06. Component\04. Camera">
      <UniqueIdentifier>{acfa3f74-886f-4b7a-bff5-fee120da58dd}</UniqueIdentifier>
    </Filter>
    <Filter Include="06. Component\05. Material">
      <UniqueIdentifier>{b4d3eb1d-ecb1-4808-94eb-37dadfdb5497}</UniqueIdentifier>
    </Filter>
    <Filter Include="06. Component\06. Animation">
      <UniqueIdentifier>{7d07bab8-b352-4486-9953-e8aa27863278}</UniqueIdentifier>
    </Filter>
    <Filter Include="06. Component\07. Collider">
      <UniqueIdentifier>{bf2fd220-376e-4dcf-8bdb-ef347190f5cf}</UniqueIdentifier>
    </Filter>
    <Filter Include="06. Component\08. UI">
      <UniqueIdentifier>{7d8219fd-11da-49ca-872e-5fed960210ff}</UniqueIdentifier>
    </Filter>
    <Filter Include="03. Rendering\02. RenderState">
      <UniqueIdentifier>{164da729-6849-458a-b34a-326d6ab03b15}</UniqueIdentifier>
    </Filter>
    <Filter Include="03. Rendering\03. RenderTarget">
      <UniqueIdentifier>{c0e3938a-ff31-44e9-90cd-98471f7c0f4b}</UniqueIdentifier>
    </Filter>
    <Filter Include="06. Component\08. UI\01. Bar">
      <UniqueIdentifier>{699aad5c-eb1b-4c5d-8866-b64e908409b2}</UniqueIdentifier>
    </Filter>
    <Filter Include="06. Component\08. UI\03. Button">
      <UniqueIdentifier>{c3f2c43b-42d1-46ed-a8db-30b73b56e35c}</UniqueIdentifier>
    </Filter>
    <Filter Include="헤더 파일">
      <UniqueIdentifier>{93995380-89BD-4b04-88EB-625FBE52EBFB}</UniqueIdentifier>
      <Extensions>h;hh;hpp;hxx;hm;inl;inc;ipp;xsd</Extensions>
    </Filter>
    <Filter Include="06. Component\12. Light">
      <UniqueIdentifier>{e8b9c130-a6b4-4d28-bca4-8a88fd3aa910}</UniqueIdentifier>
    </Filter>
    <Filter Include="01. Core\02. PathManager">
      <UniqueIdentifier>{23c69db8-209c-469f-aae5-6e76a572efbd}</UniqueIdentifier>
    </Filter>
    <Filter Include="01. Core\03. Timer">
      <UniqueIdentifier>{33634480-e771-44ca-a410-d9db6611e3c9}</UniqueIdentifier>
    </Filter>
    <Filter Include="01. Core\04. Input">
      <UniqueIdentifier>{03dac7a4-e2f7-4757-865c-7e6a567c0907}</UniqueIdentifier>
    </Filter>
    <Filter Include="01. Core\05. CollisionManager">
      <UniqueIdentifier>{85d75a3c-7593-4878-83f8-2fef4f63667e}</UniqueIdentifier>
    </Filter>
    <Filter Include="01. Core\06. Font">
      <UniqueIdentifier>{609a6aff-6093-43c3-9d48-897304fcf97f}</UniqueIdentifier>
    </Filter>
    <Filter Include="01. Core\08. Navigation">
      <UniqueIdentifier>{7f3f5cc3-7908-4678-81ab-d4cedd8616aa}</UniqueIdentifier>
    </Filter>
    <Filter Include="01. Core\10. GUIManager">
      <UniqueIdentifier>{86c2d808-7cf2-4083-bf22-2fa689f5f85a}</UniqueIdentifier>
    </Filter>
    <Filter Include="01. Core\11. SoundManager">
      <UniqueIdentifier>{4ef551b6-9bf0-47ad-824f-a3e206c80617}</UniqueIdentifier>
    </Filter>
    <Filter Include="02. Resources\01. Mesh\00. FBXSDK">
      <UniqueIdentifier>{74603be7-31c8-46ad-a073-5d40310aea7c}</UniqueIdentifier>
    </Filter>
    <Filter Include="06. Component\13. LandScape">
      <UniqueIdentifier>{1fdec378-5aae-4707-ba50-6026f08b9586}</UniqueIdentifier>
    </Filter>
    <Filter Include="01. Core\09. BineryFileIO">
      <UniqueIdentifier>{a71992b5-b86b-4121-af51-b7beb802b6b2}</UniqueIdentifier>
    </Filter>
    <Filter Include="EditScene">
      <UniqueIdentifier>{bfb4f440-e81e-401c-a7ca-810dcc7906f2}</UniqueIdentifier>
    </Filter>
    <Filter Include="배치 파일">
      <UniqueIdentifier>{4FC737F1-C7A5-4376-A066-2A32D752A2FF}</UniqueIdentifier>
      <Extensions>cpp;c;cc;cxx;def;odl;idl;hpj;bat;asm;asmx</Extensions>
    </Filter>
    <Filter Include="01. Core\12. DataStructure">
      <UniqueIdentifier>{59f3b2e6-15f6-43d1-9949-95cd0aa02395}</UniqueIdentifier>
    </Filter>
    <Filter Include="06. Component\14. Arm">
      <UniqueIdentifier>{460c8ac4-64b8-4ac8-b75a-c7577d5a23dd}</UniqueIdentifier>
    </Filter>
    <Filter Include="03. Rendering\04. UAView">
      <UniqueIdentifier>{726b70c9-e9d3-4950-94f9-dbc2a89d687d}</UniqueIdentifier>
    </Filter>
    <Filter Include="03. Rendering\05. PostEffect">
      <UniqueIdentifier>{9866cab0-184b-4669-b7bc-5c31dc83946e}</UniqueIdentifier>
    </Filter>
    <Filter Include="03. Rendering\06. Filter">
      <UniqueIdentifier>{b337e88e-5a59-494b-b150-93e025d05964}</UniqueIdentifier>
    </Filter>
    <Filter Include="03. Rendering\01. Shader\01. HLSL\01. Compute">
      <UniqueIdentifier>{5ad55539-9fe8-40f3-9e9a-65c806a1b38c}</UniqueIdentifier>
    </Filter>
    <Filter Include="03. Rendering\01. Shader\01. HLSL\02. Rendering">
      <UniqueIdentifier>{7ff47f35-1118-4f09-aaa6-7d2ad8d1b428}</UniqueIdentifier>
    </Filter>
    <Filter Include="03. Rendering\06. Filter\01. HDR">
      <UniqueIdentifier>{9b8462f0-c350-496c-be01-228b5475e515}</UniqueIdentifier>
    </Filter>
    <Filter Include="03. Rendering\06. Filter\02. DownScale">
      <UniqueIdentifier>{4a2eefe2-8167-45b3-8fac-f35a54c57f87}</UniqueIdentifier>
    </Filter>
    <Filter Include="03. Rendering\06. Filter\03. MotionBlur">
      <UniqueIdentifier>{84afadf2-1d77-4d6c-8294-51262142512b}</UniqueIdentifier>
    </Filter>
    <Filter Include="03. Rendering\06. Filter\04. Blur">
      <UniqueIdentifier>{07576062-bc72-48cf-acd8-dd75c3dc08c8}</UniqueIdentifier>
    </Filter>
  </ItemGroup>
  <ItemGroup>
    <ClCompile Include="Device.cpp">
      <Filter>01. Core\01. Device</Filter>
    </ClCompile>
    <ClCompile Include="Ref.cpp">
      <Filter>01. Core</Filter>
    </ClCompile>
    <ClCompile Include="PathManager.cpp">
      <Filter>01. Core\02. PathManager</Filter>
    </ClCompile>
    <ClCompile Include="Timer.cpp">
      <Filter>01. Core\03. Timer</Filter>
    </ClCompile>
    <ClCompile Include="TimerManager.cpp">
      <Filter>01. Core\03. Timer</Filter>
    </ClCompile>
    <ClCompile Include="FontManager.cpp">
      <Filter>01. Core\06. Font</Filter>
    </ClCompile>
    <ClCompile Include="Resource\Mesh.cpp">
      <Filter>02. Resources\01. Mesh</Filter>
    </ClCompile>
    <ClCompile Include="Resource\ResourcesManager.cpp">
      <Filter>02. Resources</Filter>
    </ClCompile>
    <ClCompile Include="Resource\Texture.cpp">
      <Filter>02. Resources\02. Texture</Filter>
    </ClCompile>
    <ClCompile Include="Resource\Sampler.cpp">
      <Filter>02. Resources\02. Texture</Filter>
    </ClCompile>
    <ClCompile Include="Rendering\Shader.cpp">
      <Filter>03. Rendering\01. Shader</Filter>
    </ClCompile>
    <ClCompile Include="Rendering\ShaderManager.cpp">
      <Filter>03. Rendering\01. Shader</Filter>
    </ClCompile>
    <ClCompile Include="Scene\Layer.cpp">
      <Filter>04. Scene</Filter>
    </ClCompile>
    <ClCompile Include="Scene\Scene.cpp">
      <Filter>04. Scene</Filter>
    </ClCompile>
    <ClCompile Include="Scene\SceneComponent.cpp">
      <Filter>04. Scene</Filter>
    </ClCompile>
    <ClCompile Include="Scene\SceneManager.cpp">
      <Filter>04. Scene</Filter>
    </ClCompile>
    <ClCompile Include="GameObject.cpp">
      <Filter>05. GameObject</Filter>
    </ClCompile>
    <ClCompile Include="ObjectManager.cpp">
      <Filter>05. GameObject</Filter>
    </ClCompile>
    <ClCompile Include="Component\Component.cpp">
      <Filter>06. Component</Filter>
    </ClCompile>
    <ClCompile Include="Component\Camera.cpp">
      <Filter>06. Component\04. Camera</Filter>
    </ClCompile>
    <ClCompile Include="Component\FreeCamera.cpp">
      <Filter>06. Component\04. Camera</Filter>
    </ClCompile>
    <ClCompile Include="Component\Material.cpp">
      <Filter>06. Component\05. Material</Filter>
    </ClCompile>
    <ClCompile Include="Component\Transform.cpp">
      <Filter>06. Component\01. Transform</Filter>
    </ClCompile>
    <ClCompile Include="Component\Renderer.cpp">
      <Filter>06. Component\02. Renderer</Filter>
    </ClCompile>
    <ClCompile Include="Component\UserComponent.cpp">
      <Filter>06. Component\03. UserComponent</Filter>
    </ClCompile>
    <ClCompile Include="Rendering\RenderManager.cpp">
      <Filter>03. Rendering</Filter>
    </ClCompile>
    <ClCompile Include="Input.cpp">
      <Filter>01. Core\04. Input</Filter>
    </ClCompile>
    <ClCompile Include="Rendering\BlendState.cpp">
      <Filter>03. Rendering\02. RenderState</Filter>
    </ClCompile>
    <ClCompile Include="Rendering\DepthState.cpp">
      <Filter>03. Rendering\02. RenderState</Filter>
    </ClCompile>
    <ClCompile Include="Rendering\RenderState.cpp">
      <Filter>03. Rendering\02. RenderState</Filter>
    </ClCompile>
    <ClCompile Include="Rendering\RenderTarget.cpp">
      <Filter>03. Rendering\03. RenderTarget</Filter>
    </ClCompile>
    <ClCompile Include="Component\Animation2D.cpp">
      <Filter>06. Component\06. Animation</Filter>
    </ClCompile>
    <ClCompile Include="CollisionManager.cpp">
      <Filter>01. Core\05. CollisionManager</Filter>
    </ClCompile>
    <ClCompile Include="Component\Collider.cpp">
      <Filter>06. Component\07. Collider</Filter>
    </ClCompile>
    <ClCompile Include="Component\ColliderRect.cpp">
      <Filter>06. Component\07. Collider</Filter>
    </ClCompile>
    <ClCompile Include="Component\ColliderOBB.cpp">
      <Filter>06. Component\07. Collider</Filter>
    </ClCompile>
    <ClCompile Include="Component\ColliderPixel.cpp">
      <Filter>06. Component\07. Collider</Filter>
    </ClCompile>
    <ClCompile Include="Component\ColliderPoint.cpp">
      <Filter>06. Component\07. Collider</Filter>
    </ClCompile>
    <ClCompile Include="Component\UI.cpp">
      <Filter>06. Component\08. UI</Filter>
    </ClCompile>
    <ClCompile Include="Component\Text.cpp">
      <Filter>06. Component\08. UI</Filter>
    </ClCompile>
    <ClCompile Include="Component\Bar.cpp">
      <Filter>06. Component\08. UI\01. Bar</Filter>
    </ClCompile>
    <ClCompile Include="Component\UIBar.cpp">
      <Filter>06. Component\08. UI\01. Bar</Filter>
    </ClCompile>
    <ClCompile Include="Component\UIButton.cpp">
      <Filter>06. Component\08. UI\03. Button</Filter>
    </ClCompile>
    <ClCompile Include="Component\Light.cpp">
      <Filter>06. Component\12. Light</Filter>
    </ClCompile>
    <ClCompile Include="GUIManager.cpp">
      <Filter>01. Core\10. GUIManager</Filter>
    </ClCompile>
    <ClCompile Include="Rendering\MultiRenderTarget.cpp">
      <Filter>03. Rendering\03. RenderTarget</Filter>
    </ClCompile>
    <ClCompile Include="Rendering\RasterizerState.cpp">
      <Filter>03. Rendering\02. RenderState</Filter>
    </ClCompile>
    <ClCompile Include="Resource\FbxLoader.cpp">
      <Filter>02. Resources\01. Mesh\00. FBXSDK</Filter>
    </ClCompile>
    <ClCompile Include="Component\Animation.cpp">
      <Filter>06. Component\06. Animation</Filter>
    </ClCompile>
    <ClCompile Include="Component\LandScape.cpp">
      <Filter>06. Component\13. LandScape</Filter>
    </ClCompile>
    <ClCompile Include="Component\Arm.cpp">
      <Filter>06. Component\14. Arm</Filter>
    </ClCompile>
    <ClCompile Include="EngineHeader.cpp">
      <Filter>헤더 파일</Filter>
    </ClCompile>
    <ClCompile Include="SoundManager.cpp">
      <Filter>01. Core\11. SoundManager</Filter>
    </ClCompile>
    <ClCompile Include="EditorScene.cpp">
      <Filter>EditScene</Filter>
    </ClCompile>
    <ClCompile Include="EditManager.cpp">
      <Filter>EditScene</Filter>
    </ClCompile>
    <ClCompile Include="NavigationMesh.cpp">
      <Filter>01. Core\08. Navigation</Filter>
    </ClCompile>
    <ClCompile Include="NavigationManager3D.cpp">
      <Filter>01. Core\08. Navigation</Filter>
    </ClCompile>
    <ClCompile Include="BinaryWriter.cpp">
      <Filter>01. Core\09. BineryFileIO</Filter>
    </ClCompile>
    <ClCompile Include="BinaryReader.cpp">
      <Filter>01. Core\09. BineryFileIO</Filter>
    </ClCompile>
    <ClCompile Include="Component\ColliderSphere.cpp">
      <Filter>06. Component\07. Collider</Filter>
    </ClCompile>
    <ClCompile Include="Component\ColliderOBB3D.cpp">
      <Filter>06. Component\07. Collider</Filter>
    </ClCompile>
    <ClCompile Include="Rendering\UAV.cpp">
      <Filter>03. Rendering\04. UAView</Filter>
    </ClCompile>
    <ClCompile Include="Rendering\ViewManager.cpp">
      <Filter>03. Rendering</Filter>
    </ClCompile>
    <ClCompile Include="Rendering\PostEffect.cpp">
      <Filter>03. Rendering\05. PostEffect</Filter>
    </ClCompile>
    <ClCompile Include="Rendering\CSFilter.cpp">
      <Filter>03. Rendering\06. Filter</Filter>
    </ClCompile>
    <ClCompile Include="Rendering\ComputeShader.cpp">
      <Filter>03. Rendering\01. Shader</Filter>
    </ClCompile>
    <ClCompile Include="Rendering\DownScale.cpp">
      <Filter>03. Rendering\06. Filter\02. DownScale</Filter>
    </ClCompile>
    <ClCompile Include="Rendering\MBTexture.cpp">
      <Filter>03. Rendering\06. Filter\03. MotionBlur</Filter>
    </ClCompile>
    <ClCompile Include="Rendering\CSHDRFilter.cpp">
      <Filter>03. Rendering\06. Filter\01. HDR</Filter>
    </ClCompile>
    <ClCompile Include="Rendering\MotionBlurFilter.cpp">
      <Filter>03. Rendering\06. Filter\03. MotionBlur</Filter>
    </ClCompile>
    <ClCompile Include="Rendering\CSBlur.cpp">
      <Filter>03. Rendering\06. Filter\04. Blur</Filter>
    </ClCompile>
    <ClCompile Include="Core.cpp">
      <Filter>01. Core</Filter>
    </ClCompile>
    <ClCompile Include="Component\ColliderRay.cpp">
      <Filter>06. Component\07. Collider</Filter>
    </ClCompile>
    <ClCompile Include="Component\Frustum.cpp">
      <Filter>06. Component\04. Camera</Filter>
    </ClCompile>
  </ItemGroup>
  <ItemGroup>
    <ClInclude Include="Macro.h">
      <Filter>헤더 파일</Filter>
    </ClInclude>
    <ClInclude Include="Core.h">
      <Filter>01. Core</Filter>
    </ClInclude>
    <ClInclude Include="Types.h">
      <Filter>헤더 파일</Filter>
    </ClInclude>
    <ClInclude Include="Device.h">
      <Filter>01. Core\01. Device</Filter>
    </ClInclude>
    <ClInclude Include="Flag.h">
      <Filter>헤더 파일</Filter>
    </ClInclude>
    <ClInclude Include="Ref.h">
      <Filter>01. Core</Filter>
    </ClInclude>
    <ClInclude Include="PathManager.h">
      <Filter>01. Core\02. PathManager</Filter>
    </ClInclude>
    <ClInclude Include="Timer.h">
      <Filter>01. Core\03. Timer</Filter>
    </ClInclude>
    <ClInclude Include="TimerManager.h">
      <Filter>01. Core\03. Timer</Filter>
    </ClInclude>
    <ClInclude Include="FontManager.h">
      <Filter>01. Core\06. Font</Filter>
    </ClInclude>
    <ClInclude Include="Resource\Mesh.h">
      <Filter>02. Resources\01. Mesh</Filter>
    </ClInclude>
    <ClInclude Include="Resource\ResourcesManager.h">
      <Filter>02. Resources</Filter>
    </ClInclude>
    <ClInclude Include="Resource\DirectXTex.h">
      <Filter>02. Resources\02. Texture</Filter>
    </ClInclude>
    <ClInclude Include="Resource\Texture.h">
      <Filter>02. Resources\02. Texture</Filter>
    </ClInclude>
    <ClInclude Include="Resource\Sampler.h">
      <Filter>02. Resources\02. Texture</Filter>
    </ClInclude>
    <ClInclude Include="Rendering\Shader.h">
      <Filter>03. Rendering\01. Shader</Filter>
    </ClInclude>
    <ClInclude Include="Rendering\ShaderManager.h">
      <Filter>03. Rendering\01. Shader</Filter>
    </ClInclude>
    <ClInclude Include="Scene\Layer.h">
      <Filter>04. Scene</Filter>
    </ClInclude>
    <ClInclude Include="Scene\Scene.h">
      <Filter>04. Scene</Filter>
    </ClInclude>
    <ClInclude Include="Scene\SceneComponent.h">
      <Filter>04. Scene</Filter>
    </ClInclude>
    <ClInclude Include="Scene\SceneManager.h">
      <Filter>04. Scene</Filter>
    </ClInclude>
    <ClInclude Include="GameObject.h">
      <Filter>05. GameObject</Filter>
    </ClInclude>
    <ClInclude Include="ObjectManager.h">
      <Filter>05. GameObject</Filter>
    </ClInclude>
    <ClInclude Include="Component\Component.h">
      <Filter>06. Component</Filter>
    </ClInclude>
    <ClInclude Include="Component\Camera.h">
      <Filter>06. Component\04. Camera</Filter>
    </ClInclude>
    <ClInclude Include="Component\FreeCamera.h">
      <Filter>06. Component\04. Camera</Filter>
    </ClInclude>
    <ClInclude Include="Component\Material.h">
      <Filter>06. Component\05. Material</Filter>
    </ClInclude>
    <ClInclude Include="Component\Transform.h">
      <Filter>06. Component\01. Transform</Filter>
    </ClInclude>
    <ClInclude Include="Component\Renderer.h">
      <Filter>06. Component\02. Renderer</Filter>
    </ClInclude>
    <ClInclude Include="Component\UserComponent.h">
      <Filter>06. Component\03. UserComponent</Filter>
    </ClInclude>
    <ClInclude Include="Rendering\RenderManager.h">
      <Filter>03. Rendering</Filter>
    </ClInclude>
    <ClInclude Include="Input.h">
      <Filter>01. Core\04. Input</Filter>
    </ClInclude>
    <ClInclude Include="Rendering\BlendState.h">
      <Filter>03. Rendering\02. RenderState</Filter>
    </ClInclude>
    <ClInclude Include="Rendering\DepthState.h">
      <Filter>03. Rendering\02. RenderState</Filter>
    </ClInclude>
    <ClInclude Include="Rendering\RenderState.h">
      <Filter>03. Rendering\02. RenderState</Filter>
    </ClInclude>
    <ClInclude Include="Rendering\RenderTarget.h">
      <Filter>03. Rendering\03. RenderTarget</Filter>
    </ClInclude>
    <ClInclude Include="Component\Animation2D.h">
      <Filter>06. Component\06. Animation</Filter>
    </ClInclude>
    <ClInclude Include="CollisionManager.h">
      <Filter>01. Core\05. CollisionManager</Filter>
    </ClInclude>
    <ClInclude Include="Component\Collider.h">
      <Filter>06. Component\07. Collider</Filter>
    </ClInclude>
    <ClInclude Include="Component\ColliderRect.h">
      <Filter>06. Component\07. Collider</Filter>
    </ClInclude>
    <ClInclude Include="Component\ColliderOBB.h">
      <Filter>06. Component\07. Collider</Filter>
    </ClInclude>
    <ClInclude Include="Component\ColliderPixel.h">
      <Filter>06. Component\07. Collider</Filter>
    </ClInclude>
    <ClInclude Include="Component\ColliderPoint.h">
      <Filter>06. Component\07. Collider</Filter>
    </ClInclude>
    <ClInclude Include="Component\UI.h">
      <Filter>06. Component\08. UI</Filter>
    </ClInclude>
    <ClInclude Include="Component\Text.h">
      <Filter>06. Component\08. UI</Filter>
    </ClInclude>
    <ClInclude Include="Component\Bar.h">
      <Filter>06. Component\08. UI\01. Bar</Filter>
    </ClInclude>
    <ClInclude Include="Component\UIBar.h">
      <Filter>06. Component\08. UI\01. Bar</Filter>
    </ClInclude>
    <ClInclude Include="Component\UIButton.h">
      <Filter>06. Component\08. UI\03. Button</Filter>
    </ClInclude>
    <ClInclude Include="Component\Light.h">
      <Filter>06. Component\12. Light</Filter>
    </ClInclude>
    <ClInclude Include="GUIManager.h">
      <Filter>01. Core\10. GUIManager</Filter>
    </ClInclude>
    <ClInclude Include="Rendering\MultiRenderTarget.h">
      <Filter>03. Rendering\03. RenderTarget</Filter>
    </ClInclude>
    <ClInclude Include="Rendering\RasterizerState.h">
      <Filter>03. Rendering\02. RenderState</Filter>
    </ClInclude>
    <ClInclude Include="Resource\FbxLoader.h">
      <Filter>02. Resources\01. Mesh\00. FBXSDK</Filter>
    </ClInclude>
    <ClInclude Include="Component\Animation.h">
      <Filter>06. Component\06. Animation</Filter>
    </ClInclude>
    <ClInclude Include="Component\LandScape.h">
      <Filter>06. Component\13. LandScape</Filter>
    </ClInclude>
    <ClInclude Include="resource.h">
      <Filter>헤더 파일</Filter>
    </ClInclude>
    <ClInclude Include="Component\Arm.h">
      <Filter>06. Component\14. Arm</Filter>
    </ClInclude>
    <ClInclude Include="EngineHeader.h">
      <Filter>헤더 파일</Filter>
    </ClInclude>
    <ClInclude Include="SoundManager.h">
      <Filter>01. Core\11. SoundManager</Filter>
    </ClInclude>
    <ClInclude Include="EditorScene.h">
      <Filter>EditScene</Filter>
    </ClInclude>
    <ClInclude Include="EditManager.h">
      <Filter>EditScene</Filter>
    </ClInclude>
    <ClInclude Include="NavigationMesh.h">
      <Filter>01. Core\08. Navigation</Filter>
    </ClInclude>
    <ClInclude Include="NavigationManager3D.h">
      <Filter>01. Core\08. Navigation</Filter>
    </ClInclude>
    <ClInclude Include="Heap.h">
      <Filter>01. Core\12. DataStructure</Filter>
    </ClInclude>
    <ClInclude Include="BinaryWriter.h">
      <Filter>01. Core\09. BineryFileIO</Filter>
    </ClInclude>
    <ClInclude Include="BinaryReader.h">
      <Filter>01. Core\09. BineryFileIO</Filter>
    </ClInclude>
    <ClInclude Include="Component\ColliderSphere.h">
      <Filter>06. Component\07. Collider</Filter>
    </ClInclude>
    <ClInclude Include="Component\ColliderOBB3D.h">
      <Filter>06. Component\07. Collider</Filter>
    </ClInclude>
    <ClInclude Include="Rendering\UAV.h">
      <Filter>03. Rendering\04. UAView</Filter>
    </ClInclude>
    <ClInclude Include="Rendering\ViewManager.h">
      <Filter>03. Rendering</Filter>
    </ClInclude>
    <ClInclude Include="Rendering\PostEffect.h">
      <Filter>03. Rendering\05. PostEffect</Filter>
    </ClInclude>
    <ClInclude Include="Rendering\CSFilter.h">
      <Filter>03. Rendering\06. Filter</Filter>
    </ClInclude>
    <ClInclude Include="Rendering\ComputeShader.h">
      <Filter>03. Rendering\01. Shader</Filter>
    </ClInclude>
    <ClInclude Include="Rendering\DownScale.h">
      <Filter>03. Rendering\06. Filter\02. DownScale</Filter>
    </ClInclude>
    <ClInclude Include="Rendering\MBTexture.h">
      <Filter>03. Rendering\06. Filter\03. MotionBlur</Filter>
    </ClInclude>
    <ClInclude Include="Rendering\CSHDRFilter.h">
      <Filter>03. Rendering\06. Filter\01. HDR</Filter>
    </ClInclude>
    <ClInclude Include="Rendering\MotionBlurFilter.h">
      <Filter>03. Rendering\06. Filter\03. MotionBlur</Filter>
    </ClInclude>
    <ClInclude Include="Rendering\CSBlur.h">
      <Filter>03. Rendering\06. Filter\04. Blur</Filter>
    </ClInclude>
    <ClInclude Include="Component\ColliderRay.h">
      <Filter>06. Component\07. Collider</Filter>
    </ClInclude>
    <ClInclude Include="Component\Frustum.h">
      <Filter>06. Component\04. Camera</Filter>
    </ClInclude>
  </ItemGroup>
  <ItemGroup>
    <None Include="..\..\copy.bat">
      <Filter>배치 파일</Filter>
    </None>
    <None Include="Resource\DirectXTex.inl">
      <Filter>02. Resources\02. Texture</Filter>
    </None>
  </ItemGroup>
  <ItemGroup>
    <FxCompile Include="..\Bin\Shader\Adaptation.fx">
      <Filter>03. Rendering\01. Shader\01. HLSL\02. Rendering</Filter>
    </FxCompile>
    <FxCompile Include="..\Bin\Shader\PostHDR.fx">
      <Filter>03. Rendering\01. Shader\01. HLSL\02. Rendering</Filter>
    </FxCompile>
    <FxCompile Include="..\Bin\Shader\BackColorShader.fx">
      <Filter>03. Rendering\01. Shader\01. HLSL\02. Rendering</Filter>
    </FxCompile>
    <FxCompile Include="..\Bin\Shader\Collider.fx">
      <Filter>03. Rendering\01. Shader\01. HLSL\02. Rendering</Filter>
    </FxCompile>
    <FxCompile Include="..\Bin\Shader\LandScape.fx">
      <Filter>03. Rendering\01. Shader\01. HLSL\02. Rendering</Filter>
    </FxCompile>
    <FxCompile Include="..\Bin\Shader\Light.fx">
      <Filter>03. Rendering\01. Shader\01. HLSL\02. Rendering</Filter>
    </FxCompile>
    <FxCompile Include="..\Bin\Shader\Share.fx">
      <Filter>03. Rendering\01. Shader\01. HLSL\02. Rendering</Filter>
    </FxCompile>
    <FxCompile Include="..\Bin\Shader\Sky.fx">
      <Filter>03. Rendering\01. Shader\01. HLSL\02. Rendering</Filter>
    </FxCompile>
    <FxCompile Include="..\Bin\Shader\Standard.fx">
      <Filter>03. Rendering\01. Shader\01. HLSL\02. Rendering</Filter>
    </FxCompile>
    <FxCompile Include="..\Bin\Shader\UI.fx">
      <Filter>03. Rendering\01. Shader\01. HLSL\02. Rendering</Filter>
    </FxCompile>
    <FxCompile Include="..\..\3DClient\bin\Shader\ComputeShare.fx">
      <Filter>03. Rendering\01. Shader\01. HLSL\01. Compute</Filter>
    </FxCompile>
    <FxCompile Include="..\..\3DClient\bin\Shader\MotionBlur.fx">
      <Filter>03. Rendering\01. Shader\01. HLSL\01. Compute</Filter>
    </FxCompile>
    <FxCompile Include="..\..\3DClient\bin\Shader\Blur.fx">
      <Filter>03. Rendering\01. Shader\01. HLSL\01. Compute</Filter>
    </FxCompile>
    <FxCompile Include="..\..\3DClient\bin\Shader\DownScale.fx">
      <Filter>03. Rendering\01. Shader\01. HLSL\01. Compute</Filter>
    </FxCompile>
    <FxCompile Include="..\..\3DClient\bin\Shader\Adaption.fx">
      <Filter>03. Rendering\01. Shader\01. HLSL\01. Compute</Filter>
    </FxCompile>
    <FxCompile Include="..\..\3DClient\bin\Shader\HDR.fx">
      <Filter>03. Rendering\01. Shader\01. HLSL\01. Compute</Filter>
    </FxCompile>
  </ItemGroup>
  <ItemGroup>
    <ResourceCompile Include="TWEngine.rc">
      <Filter>헤더 파일</Filter>
    </ResourceCompile>
  </ItemGroup>
</Project>