<?xml version="1.0" encoding="utf-8"?>
<Project ToolsVersion="4.0" xmlns="http://schemas.microsoft.com/developer/msbuild/2003">
  <ItemGroup>
    <Filter Include="소스 파일">
      <UniqueIdentifier>{4FC737F1-C7A5-4376-A066-2A32D752A2FF}</UniqueIdentifier>
      <Extensions>cpp;c;cc;cxx;def;odl;idl;hpj;bat;asm;asmx</Extensions>
    </Filter>
    <Filter Include="헤더 파일">
      <UniqueIdentifier>{93995380-89BD-4b04-88EB-625FBE52EBFB}</UniqueIdentifier>
      <Extensions>h;hh;hpp;hxx;hm;inl;inc;ipp;xsd</Extensions>
    </Filter>
    <Filter Include="리소스 파일">
      <UniqueIdentifier>{67DA6AB6-F800-4c08-8B7A-83BB121AAD01}</UniqueIdentifier>
      <Extensions>rc;ico;cur;bmp;dlg;rc2;rct;bin;rgs;gif;jpg;jpeg;jpe;resx;tiff;tif;png;wav;mfcribbon-ms</Extensions>
    </Filter>
    <Filter Include="01. SceneComponent">
      <UniqueIdentifier>{b2093e84-ebb5-4c34-ad31-17f005aac64d}</UniqueIdentifier>
    </Filter>
    <Filter Include="02. UserComponent">
      <UniqueIdentifier>{ccf439c4-579f-4acc-805e-afabf4a3dcac}</UniqueIdentifier>
    </Filter>
    <Filter Include="02. UserComponent\01. Player">
      <UniqueIdentifier>{a3696cd4-c3f0-434c-b0f3-a77b0367be62}</UniqueIdentifier>
    </Filter>
    <Filter Include="02. UserComponent\02. Monster">
      <UniqueIdentifier>{69f2d9a9-88da-4338-9a78-b7cc408f4a1a}</UniqueIdentifier>
    </Filter>
    <Filter Include="02. UserComponent\03. Field">
      <UniqueIdentifier>{4c081a99-a9d3-407e-84df-a1449385a06c}</UniqueIdentifier>
    </Filter>
    <Filter Include="02. UserComponent\04. UI">
      <UniqueIdentifier>{2013d5d9-3504-4da1-b5b5-f876934b010b}</UniqueIdentifier>
    </Filter>
    <Filter Include="02. UserComponent\05. Item">
      <UniqueIdentifier>{1b4edc38-cf5d-4fa4-80cb-e4110fb51c70}</UniqueIdentifier>
    </Filter>
    <Filter Include="02. UserComponent\06. TraceMob">
      <UniqueIdentifier>{37327c8d-54ea-4fbc-a924-2f3624541c42}</UniqueIdentifier>
    </Filter>
    <Filter Include="02. UserComponent\06. TraceMob\Behavior">
      <UniqueIdentifier>{bb1c6e7c-8e11-4555-a6b8-026a244d8836}</UniqueIdentifier>
    </Filter>
    <Filter Include="소스 파일\CameraEff">
      <UniqueIdentifier>{a1c2bfae-bc54-449c-8c34-32eb2e78a459}</UniqueIdentifier>
    </Filter>
    <Filter Include="02. UserComponent\03. Field\Items">
      <UniqueIdentifier>{86b2e526-f7f1-4139-8a7b-7f6ba1824d3b}</UniqueIdentifier>
    </Filter>
    <Filter Include="02. UserComponent\01. Player\PlayerFunc">
      <UniqueIdentifier>{3a0ae269-8a4c-45c4-87b3-c23e687f79bf}</UniqueIdentifier>
    </Filter>
    <Filter Include="소스 파일\CommonSound">
      <UniqueIdentifier>{6e818e87-9fe3-4906-9a5d-0c9011ecaf9c}</UniqueIdentifier>
    </Filter>
    <Filter Include="02. UserComponent\07. Interact">
      <UniqueIdentifier>{31cc6127-71d1-4c4a-b677-8773538cb065}</UniqueIdentifier>
    </Filter>
    <Filter Include="02. UserComponent\01. Player\Header_Value">
      <UniqueIdentifier>{cc9bfc8b-5f86-4190-af8c-7f36e63b2de8}</UniqueIdentifier>
    </Filter>
    <Filter Include="02. UserComponent\01. Player\Init_Values">
      <UniqueIdentifier>{fe1f2d3b-3267-494c-b938-9286e51dddd6}</UniqueIdentifier>
    </Filter>
    <Filter Include="02. UserComponent\01. Player\Header_Functions">
      <UniqueIdentifier>{dd67c259-0124-4faa-9043-0ebb16c13481}</UniqueIdentifier>
    </Filter>
    <Filter Include="02. UserComponent\07. Interact\01. Door">
      <UniqueIdentifier>{ee5c128a-8e39-42da-a59a-3831c6487b78}</UniqueIdentifier>
    </Filter>
    <Filter Include="02. UserComponent\07. Interact\02. Hidable">
      <UniqueIdentifier>{9520f32d-0a3e-481e-972d-7281b62f4d43}</UniqueIdentifier>
    </Filter>
    <Filter Include="02. UserComponent\01. Player\Effect">
      <UniqueIdentifier>{22eb19de-1c76-4d4a-8031-b6e8bc7e71e9}</UniqueIdentifier>
    </Filter>
    <Filter Include="01. SceneComponent\ST3">
      <UniqueIdentifier>{79047502-1e1b-41dd-b61c-c68b97523e2c}</UniqueIdentifier>
    </Filter>
    <Filter Include="02. UserComponent\04. UI\01. Inventory">
      <UniqueIdentifier>{7b1b45d9-37a5-4d3e-b219-3409ca234092}</UniqueIdentifier>
    </Filter>
    <Filter Include="02. UserComponent\04. UI\02. Camera">
      <UniqueIdentifier>{c26d48a3-7144-4ce3-a0db-eaf085376a0c}</UniqueIdentifier>
    </Filter>
    <Filter Include="02. UserComponent\05. Item\01. 3DItem">
      <UniqueIdentifier>{a2b08e41-8bf9-4b81-95a2-ef5570cea92e}</UniqueIdentifier>
    </Filter>
    <Filter Include="02. UserComponent\05. Item\02. Icon">
      <UniqueIdentifier>{0e5ebf54-3fda-43fc-9420-f8cb35c7928e}</UniqueIdentifier>
    </Filter>
    <Filter Include="02. UserComponent\05. Item\03. Document">
      <UniqueIdentifier>{5873285c-9a05-424d-b1bb-1d68a4f35904}</UniqueIdentifier>
    </Filter>
    <Filter Include="02. UserComponent\05. Item\03. Document\01. 3DObject">
      <UniqueIdentifier>{503d9a4d-f0bf-4748-8b00-001764620bc2}</UniqueIdentifier>
    </Filter>
    <Filter Include="02. UserComponent\05. Item\03. Document\02. DocIcon">
      <UniqueIdentifier>{da6133fb-dafa-412a-8427-73f001849a87}</UniqueIdentifier>
    </Filter>
    <Filter Include="02. UserComponent\05. Item\04. Key">
      <UniqueIdentifier>{0ec327da-a248-498a-8291-3c892f91967b}</UniqueIdentifier>
    </Filter>
    <Filter Include="02. UserComponent\05. Item\04. Key\01. 3DObject">
      <UniqueIdentifier>{34da5d0d-aac0-4565-b8eb-a7383ff0d9a6}</UniqueIdentifier>
    </Filter>
    <Filter Include="02. UserComponent\05. Item\04. Key\02. KeyIcon">
      <UniqueIdentifier>{8a34e124-0822-4b74-9c8f-3e7dbced8c27}</UniqueIdentifier>
    </Filter>
    <Filter Include="03. Manager">
      <UniqueIdentifier>{c4779955-37d1-4f10-8b21-3cb4cf30a647}</UniqueIdentifier>
    </Filter>
    <Filter Include="01. SceneComponent\ST3\ST3_Slient">
      <UniqueIdentifier>{23aa5247-3415-4819-ad07-f283b2d2d72f}</UniqueIdentifier>
    </Filter>
    <Filter Include="02. UserComponent\04. UI\03. Event">
      <UniqueIdentifier>{bab893be-a3b9-430e-9c71-c6c4896b0b89}</UniqueIdentifier>
    </Filter>
    <Filter Include="02. UserComponent\05. Item\03. Document\01. 3DObject\01. Stage 1">
      <UniqueIdentifier>{50b2d298-d3fc-46f5-8cc1-688030382c45}</UniqueIdentifier>
    </Filter>
    <Filter Include="02. UserComponent\05. Item\03. Document\02. DocIcon\01. Stage 1">
      <UniqueIdentifier>{f6b63931-2338-470c-a93b-7baff8d9600f}</UniqueIdentifier>
    </Filter>
    <Filter Include="02. UserComponent\05. Item\03. Document\01. 3DObject\02. Stage 2">
      <UniqueIdentifier>{e992f407-b0a3-4e4e-9771-98cd0483cc8f}</UniqueIdentifier>
    </Filter>
    <Filter Include="02. UserComponent\05. Item\03. Document\02. DocIcon\02. Stage 2">
      <UniqueIdentifier>{f59117c9-0794-4dd5-86a2-0b1751fa9bb0}</UniqueIdentifier>
    </Filter>
    <Filter Include="02. UserComponent\05. Item\03. Document\01. 3DObject\03. Stage 3">
      <UniqueIdentifier>{defe1a54-3f50-4af6-a561-f47c4e1cedcd}</UniqueIdentifier>
    </Filter>
    <Filter Include="02. UserComponent\05. Item\03. Document\02. DocIcon\03. Stage 3">
      <UniqueIdentifier>{d8be62f1-1314-4170-aa3f-684e3b65d07e}</UniqueIdentifier>
    </Filter>
    <Filter Include="01. SceneComponent\ST3\ST3_Suprise">
      <UniqueIdentifier>{0fb77a95-aa21-493e-8b22-17fabb3ae361}</UniqueIdentifier>
    </Filter>
    <Filter Include="01. SceneComponent\ST3\ST3_See">
      <UniqueIdentifier>{19f2e8e9-6f26-4d1c-969e-3f3d36ae02f0}</UniqueIdentifier>
    </Filter>
  </ItemGroup>
  <ItemGroup>
    <ClInclude Include="resource.h">
      <Filter>헤더 파일</Filter>
    </ClInclude>
    <ClInclude Include="SceneComponent\MainScene.h">
      <Filter>01. SceneComponent</Filter>
    </ClInclude>
    <ClInclude Include="SceneComponent\FirTestScene.h">
      <Filter>01. SceneComponent</Filter>
    </ClInclude>
    <ClInclude Include="ClientHeader.h">
      <Filter>헤더 파일</Filter>
    </ClInclude>
    <ClInclude Include="SceneComponent\LogoScene.h">
      <Filter>01. SceneComponent</Filter>
    </ClInclude>
    <ClInclude Include="UserComponent\Player.h">
      <Filter>02. UserComponent\01. Player</Filter>
    </ClInclude>
    <ClInclude Include="UserComponent\Minion.h">
      <Filter>02. UserComponent\02. Monster</Filter>
    </ClInclude>
    <ClInclude Include="UserComponent\Field.h">
      <Filter>02. UserComponent\03. Field</Filter>
    </ClInclude>
    <ClInclude Include="Client.h">
      <Filter>헤더 파일</Filter>
    </ClInclude>
    <ClInclude Include="UserComponent\Ghost.h">
      <Filter>02. UserComponent\02. Monster</Filter>
    </ClInclude>
    <ClInclude Include="UserComponent\Human_Player.h">
      <Filter>02. UserComponent\01. Player</Filter>
    </ClInclude>
    <ClInclude Include="UserComponent\Idle.h">
      <Filter>02. UserComponent\06. TraceMob\Behavior</Filter>
    </ClInclude>
    <ClInclude Include="UserComponent\Trace.h">
      <Filter>02. UserComponent\06. TraceMob\Behavior</Filter>
    </ClInclude>
    <ClInclude Include="UserComponent\TraceMob.h">
      <Filter>02. UserComponent\06. TraceMob</Filter>
    </ClInclude>
    <ClInclude Include="CameraEff.h">
      <Filter>소스 파일\CameraEff</Filter>
    </ClInclude>
    <ClInclude Include="UserComponent\InteractiveObj.h">
      <Filter>02. UserComponent\03. Field\Items</Filter>
    </ClInclude>
    <ClInclude Include="SceneComponent\TestScene-YH.h">
      <Filter>01. SceneComponent</Filter>
    </ClInclude>
    <ClInclude Include="SceneComponent\TestScene.h">
      <Filter>01. SceneComponent</Filter>
    </ClInclude>
    <ClInclude Include="SceneComponent\Scene4.h">
      <Filter>01. SceneComponent</Filter>
    </ClInclude>
    <ClInclude Include="SceneComponent\TutorialScene.h">
      <Filter>01. SceneComponent</Filter>
    </ClInclude>
    <ClInclude Include="SceneComponent\RandScapeTestScene.h">
      <Filter>01. SceneComponent</Filter>
    </ClInclude>
    <ClInclude Include="CommonSoundLoader.h">
      <Filter>소스 파일\CommonSound</Filter>
    </ClInclude>
    <ClInclude Include="UserComponent\Player_Cam_Value.hpp">
      <Filter>02. UserComponent\01. Player\Header_Value</Filter>
    </ClInclude>
    <ClInclude Include="UserComponent\Player_Interact_Value.hpp">
      <Filter>02. UserComponent\01. Player\Header_Value</Filter>
    </ClInclude>
    <ClInclude Include="UserComponent\Player_Item_Value.hpp">
      <Filter>02. UserComponent\01. Player\Header_Value</Filter>
    </ClInclude>
    <ClInclude Include="UserComponent\Player_Move_Value.hpp">
      <Filter>02. UserComponent\01. Player\Header_Value</Filter>
    </ClInclude>
    <ClInclude Include="UserComponent\Player_Weapon_Value.hpp">
      <Filter>02. UserComponent\01. Player\Header_Value</Filter>
    </ClInclude>
    <ClInclude Include="UserComponent\Cam_Func_Header.hpp">
      <Filter>02. UserComponent\01. Player\Header_Functions</Filter>
    </ClInclude>
    <ClInclude Include="UserComponent\Interact_Func_Header.hpp">
      <Filter>02. UserComponent\01. Player\Header_Functions</Filter>
    </ClInclude>
    <ClInclude Include="UserComponent\Item_Func_Header.hpp">
      <Filter>02. UserComponent\01. Player\Header_Functions</Filter>
    </ClInclude>
    <ClInclude Include="UserComponent\Move_Func_Header.hpp">
      <Filter>02. UserComponent\01. Player\Header_Functions</Filter>
    </ClInclude>
    <ClInclude Include="UserComponent\Enemies.h">
      <Filter>02. UserComponent\02. Monster</Filter>
    </ClInclude>
    <ClInclude Include="UserComponent\Door.h">
      <Filter>02. UserComponent\07. Interact\01. Door</Filter>
    </ClInclude>
    <ClInclude Include="UserComponent\Bed.h">
      <Filter>02. UserComponent\07. Interact\02. Hidable</Filter>
    </ClInclude>
    <ClInclude Include="UserComponent\Locker.h">
      <Filter>02. UserComponent\07. Interact\02. Hidable</Filter>
    </ClInclude>
    <ClInclude Include="UserComponent\Hidable.h">
      <Filter>02. UserComponent\07. Interact\02. Hidable</Filter>
    </ClInclude>
    <ClInclude Include="UserComponent\HitEffectAlpha.h">
      <Filter>02. UserComponent\01. Player\Effect</Filter>
    </ClInclude>
    <ClInclude Include="UserComponent\HitEffectAnim.h">
      <Filter>02. UserComponent\01. Player\Effect</Filter>
    </ClInclude>
    <ClInclude Include="UserComponent\Battery.h">
      <Filter>02. UserComponent\05. Item\01. 3DItem</Filter>
    </ClInclude>
    <ClInclude Include="UserComponent\Cigarette.h">
      <Filter>02. UserComponent\05. Item\01. 3DItem</Filter>
    </ClInclude>
    <ClInclude Include="UserComponent\HealingPack.h">
      <Filter>02. UserComponent\05. Item\01. 3DItem</Filter>
    </ClInclude>
    <ClInclude Include="UserComponent\Pistol.h">
      <Filter>02. UserComponent\05. Item\01. 3DItem</Filter>
    </ClInclude>
    <ClInclude Include="UserComponent\Tablet.h">
      <Filter>02. UserComponent\05. Item\01. 3DItem</Filter>
    </ClInclude>
    <ClInclude Include="UserComponent\DocxInven.h">
      <Filter>02. UserComponent\04. UI\01. Inventory</Filter>
    </ClInclude>
    <ClInclude Include="UserComponent\Inventory.h">
      <Filter>02. UserComponent\04. UI\01. Inventory</Filter>
    </ClInclude>
    <ClInclude Include="UserComponent\Zipper.h">
      <Filter>02. UserComponent\04. UI\01. Inventory</Filter>
    </ClInclude>
    <ClInclude Include="UserComponent\Handycam.h">
      <Filter>02. UserComponent\04. UI\02. Camera</Filter>
    </ClInclude>
    <ClInclude Include="UserComponent\BatteryIcon.h">
      <Filter>02. UserComponent\05. Item\02. Icon</Filter>
    </ClInclude>
    <ClInclude Include="UserComponent\BigIcon.h">
      <Filter>02. UserComponent\05. Item\02. Icon</Filter>
    </ClInclude>
    <ClInclude Include="UserComponent\CigaretteIcon.h">
      <Filter>02. UserComponent\05. Item\02. Icon</Filter>
    </ClInclude>
    <ClInclude Include="UserComponent\HealingPackIcon.h">
      <Filter>02. UserComponent\05. Item\02. Icon</Filter>
    </ClInclude>
    <ClInclude Include="UserComponent\TabletIcon.h">
      <Filter>02. UserComponent\05. Item\02. Icon</Filter>
    </ClInclude>
    <ClInclude Include="UserComponent\PaperSilent.h">
      <Filter>02. UserComponent\05. Item\03. Document\01. 3DObject</Filter>
    </ClInclude>
    <ClInclude Include="UserComponent\Document.h">
      <Filter>02. UserComponent\05. Item\03. Document\02. DocIcon</Filter>
    </ClInclude>
    <ClInclude Include="UserComponent\PhoneMessage.h">
      <Filter>02. UserComponent\05. Item\03. Document\02. DocIcon</Filter>
    </ClInclude>
    <ClInclude Include="UserComponent\SilentMessage.h">
      <Filter>02. UserComponent\05. Item\03. Document\02. DocIcon</Filter>
    </ClInclude>
    <ClInclude Include="UserComponent\KeyInven.h">
      <Filter>02. UserComponent\04. UI\01. Inventory</Filter>
    </ClInclude>
    <ClInclude Include="UserComponent\KeyBigICon.h">
      <Filter>02. UserComponent\05. Item\04. Key\02. KeyIcon</Filter>
    </ClInclude>
    <ClInclude Include="UserComponent\KeyCard.h">
      <Filter>02. UserComponent\05. Item\04. Key\01. 3DObject</Filter>
    </ClInclude>
    <ClInclude Include="UserComponent\MasterKey.h">
      <Filter>02. UserComponent\05. Item\04. Key\02. KeyIcon</Filter>
    </ClInclude>
    <ClInclude Include="GameManager.h">
      <Filter>03. Manager</Filter>
    </ClInclude>
    <ClInclude Include="UserComponent\BulletCase.h">
      <Filter>02. UserComponent\03. Field</Filter>
    </ClInclude>
    <ClInclude Include="UserComponent\PaperGenerator.h">
      <Filter>02. UserComponent\05. Item\03. Document\01. 3DObject\01. Stage 1</Filter>
    </ClInclude>
    <ClInclude Include="UserComponent\EventMessage.h">
      <Filter>02. UserComponent\04. UI\03. Event</Filter>
    </ClInclude>
    <ClInclude Include="UserComponent\DocxGenerator.h">
      <Filter>02. UserComponent\05. Item\03. Document\02. DocIcon\01. Stage 1</Filter>
    </ClInclude>
    <ClInclude Include="USerComponent\PaperGongji.h">
      <Filter>02. UserComponent\05. Item\03. Document\01. 3DObject\01. Stage 1</Filter>
    </ClInclude>
    <ClInclude Include="UserComponent\DocxGongji.h">
      <Filter>02. UserComponent\05. Item\03. Document\02. DocIcon\01. Stage 1</Filter>
    </ClInclude>
    <ClInclude Include="UserComponent\MessageTH.h">
      <Filter>02. UserComponent\05. Item\03. Document\02. DocIcon\01. Stage 1</Filter>
    </ClInclude>
    <ClInclude Include="UserComponent\PaperMsgTH.h">
      <Filter>02. UserComponent\05. Item\03. Document\01. 3DObject\01. Stage 1</Filter>
    </ClInclude>
    <ClInclude Include="UserComponent\MessagePlanA.h">
      <Filter>02. UserComponent\05. Item\03. Document\02. DocIcon\02. Stage 2</Filter>
    </ClInclude>
    <ClInclude Include="UserComponent\PaperPlanA.h">
      <Filter>02. UserComponent\05. Item\03. Document\01. 3DObject\02. Stage 2</Filter>
    </ClInclude>
    <ClInclude Include="UserComponent\DocxTest.h">
      <Filter>02. UserComponent\05. Item\03. Document\02. DocIcon\02. Stage 2</Filter>
    </ClInclude>
    <ClInclude Include="UserComponent\PaperTest.h">
      <Filter>02. UserComponent\05. Item\03. Document\01. 3DObject\02. Stage 2</Filter>
    </ClInclude>
    <ClInclude Include="UserComponent\MessageBQ.h">
      <Filter>02. UserComponent\05. Item\03. Document\02. DocIcon\03. Stage 3</Filter>
    </ClInclude>
    <ClInclude Include="UserComponent\PaperBQ.h">
      <Filter>02. UserComponent\05. Item\03. Document\01. 3DObject\03. Stage 3</Filter>
    </ClInclude>
    <ClInclude Include="UserComponent\MeesagePL.h">
      <Filter>02. UserComponent\05. Item\03. Document\02. DocIcon\03. Stage 3</Filter>
    </ClInclude>
    <ClInclude Include="UserComponent\PaperPL.h">
      <Filter>02. UserComponent\05. Item\03. Document\01. 3DObject\03. Stage 3</Filter>
    </ClInclude>
    <ClInclude Include="SceneComponent\JBH_Stage3.h">
      <Filter>01. SceneComponent</Filter>
    </ClInclude>
    <ClInclude Include="UserComponent\ST3_Suprise.h">
      <Filter>01. SceneComponent\ST3\ST3_Suprise</Filter>
    </ClInclude>
    <ClInclude Include="UserComponent\ST3_See.h">
      <Filter>01. SceneComponent\ST3\ST3_See</Filter>
    </ClInclude>
    <ClInclude Include="UserComponent\NPCBase.h">
      <Filter>01. SceneComponent\ST3</Filter>
    </ClInclude>
    <ClInclude Include="UserComponent\EventCollider.h">
      <Filter>02. UserComponent\04. UI\03. Event</Filter>
    </ClInclude>
    <ClInclude Include="UserComponent\NoticeMessage.h">
      <Filter>02. UserComponent\04. UI\03. Event</Filter>
    </ClInclude>
    <ClInclude Include="SceneComponent\Stage1Scene.h">
      <Filter>01. SceneComponent</Filter>
    </ClInclude>
    <ClInclude Include="UserComponent\ST3_Slient.h">
      <Filter>01. SceneComponent\ST3\ST3_Slient</Filter>
    </ClInclude>
  </ItemGroup>
  <ItemGroup>
    <ClCompile Include="main.cpp">
      <Filter>소스 파일</Filter>
    </ClCompile>
    <ClCompile Include="SceneComponent\MainScene.cpp">
      <Filter>01. SceneComponent</Filter>
    </ClCompile>
    <ClCompile Include="SceneComponent\FirTestScene.cpp">
      <Filter>01. SceneComponent</Filter>
    </ClCompile>
    <ClCompile Include="SceneComponent\LogoScene.cpp">
      <Filter>01. SceneComponent</Filter>
    </ClCompile>
    <ClCompile Include="UserComponent\Player.cpp">
      <Filter>02. UserComponent\01. Player</Filter>
    </ClCompile>
    <ClCompile Include="UserComponent\Minion.cpp">
      <Filter>02. UserComponent\02. Monster</Filter>
    </ClCompile>
    <ClCompile Include="UserComponent\Field.cpp">
      <Filter>02. UserComponent\03. Field</Filter>
    </ClCompile>
    <ClCompile Include="UserComponent\Ghost.cpp">
      <Filter>02. UserComponent\02. Monster</Filter>
    </ClCompile>
    <ClCompile Include="UserComponent\Human_Player.cpp">
      <Filter>02. UserComponent\01. Player</Filter>
    </ClCompile>
    <ClCompile Include="UserComponent\Idle.cpp">
      <Filter>02. UserComponent\06. TraceMob\Behavior</Filter>
    </ClCompile>
    <ClCompile Include="UserComponent\Trace.cpp">
      <Filter>02. UserComponent\06. TraceMob\Behavior</Filter>
    </ClCompile>
    <ClCompile Include="UserComponent\TraceMob.cpp">
      <Filter>02. UserComponent\06. TraceMob</Filter>
    </ClCompile>
    <ClCompile Include="CameraEff.cpp">
      <Filter>소스 파일\CameraEff</Filter>
    </ClCompile>
    <ClCompile Include="UserComponent\InteractiveObj.cpp">
      <Filter>02. UserComponent\03. Field\Items</Filter>
    </ClCompile>
    <ClCompile Include="SceneComponent\TestScene-YH.cpp">
      <Filter>01. SceneComponent</Filter>
    </ClCompile>
    <ClCompile Include="UserComponent\PlayerFunc_Move.cpp">
      <Filter>02. UserComponent\01. Player\PlayerFunc</Filter>
    </ClCompile>
    <ClCompile Include="UserComponent\PlayerFunc_Interact.cpp">
      <Filter>02. UserComponent\01. Player\PlayerFunc</Filter>
    </ClCompile>
    <ClCompile Include="UserComponent\PlayerFunc_Weapon.cpp">
      <Filter>02. UserComponent\01. Player\PlayerFunc</Filter>
    </ClCompile>
    <ClCompile Include="UserComponent\PlayerFunc_cam.cpp">
      <Filter>02. UserComponent\01. Player\PlayerFunc</Filter>
    </ClCompile>
    <ClCompile Include="SceneComponent\TestScene.cpp">
      <Filter>01. SceneComponent</Filter>
    </ClCompile>
    <ClCompile Include="SceneComponent\Scene4.cpp">
      <Filter>01. SceneComponent</Filter>
    </ClCompile>
    <ClCompile Include="SceneComponent\TutorialScene.cpp">
      <Filter>01. SceneComponent</Filter>
    </ClCompile>
    <ClCompile Include="SceneComponent\RandScapeTestScene.cpp">
      <Filter>01. SceneComponent</Filter>
    </ClCompile>
    <ClCompile Include="CommonSoundLoader.cpp">
      <Filter>소스 파일\CommonSound</Filter>
    </ClCompile>
    <ClCompile Include="UserComponent\PlayerFunc_CallBack.cpp">
      <Filter>02. UserComponent\01. Player\PlayerFunc</Filter>
    </ClCompile>
    <ClCompile Include="UserComponent\PlayerFunc_Items.cpp">
      <Filter>02. UserComponent\01. Player\PlayerFunc</Filter>
    </ClCompile>
    <ClCompile Include="UserComponent\Enemies.cpp">
      <Filter>02. UserComponent\02. Monster</Filter>
    </ClCompile>
    <ClCompile Include="UserComponent\Door.cpp">
      <Filter>02. UserComponent\07. Interact\01. Door</Filter>
    </ClCompile>
    <ClCompile Include="UserComponent\Bed.cpp">
      <Filter>02. UserComponent\07. Interact\02. Hidable</Filter>
    </ClCompile>
    <ClCompile Include="UserComponent\Locker.cpp">
      <Filter>02. UserComponent\07. Interact\02. Hidable</Filter>
    </ClCompile>
    <ClCompile Include="UserComponent\Hidable.cpp">
      <Filter>02. UserComponent\07. Interact\02. Hidable</Filter>
    </ClCompile>
    <ClCompile Include="UserComponent\HitEffectAlpha.cpp">
      <Filter>02. UserComponent\01. Player\Effect</Filter>
    </ClCompile>
    <ClCompile Include="UserComponent\HitEffectAnim.cpp">
      <Filter>02. UserComponent\01. Player\Effect</Filter>
    </ClCompile>
    <ClCompile Include="UserComponent\Battery.cpp">
      <Filter>02. UserComponent\05. Item\01. 3DItem</Filter>
    </ClCompile>
    <ClCompile Include="UserComponent\Cigarette.cpp">
      <Filter>02. UserComponent\05. Item\01. 3DItem</Filter>
    </ClCompile>
    <ClCompile Include="UserComponent\HealingPack.cpp">
      <Filter>02. UserComponent\05. Item\01. 3DItem</Filter>
    </ClCompile>
    <ClCompile Include="UserComponent\Pistol.cpp">
      <Filter>02. UserComponent\05. Item\01. 3DItem</Filter>
    </ClCompile>
    <ClCompile Include="UserComponent\Tablet.cpp">
      <Filter>02. UserComponent\05. Item\01. 3DItem</Filter>
    </ClCompile>
    <ClCompile Include="UserComponent\DocxInven.cpp">
      <Filter>02. UserComponent\04. UI\01. Inventory</Filter>
    </ClCompile>
    <ClCompile Include="UserComponent\Inventory.cpp">
      <Filter>02. UserComponent\04. UI\01. Inventory</Filter>
    </ClCompile>
    <ClCompile Include="UserComponent\Zipper.cpp">
      <Filter>02. UserComponent\04. UI\01. Inventory</Filter>
    </ClCompile>
    <ClCompile Include="UserComponent\Handycam.cpp">
      <Filter>02. UserComponent\04. UI\02. Camera</Filter>
    </ClCompile>
    <ClCompile Include="UserComponent\BatteryIcon.cpp">
      <Filter>02. UserComponent\05. Item\02. Icon</Filter>
    </ClCompile>
    <ClCompile Include="UserComponent\BigIcon.cpp">
      <Filter>02. UserComponent\05. Item\02. Icon</Filter>
    </ClCompile>
    <ClCompile Include="UserComponent\CigaretteIcon.cpp">
      <Filter>02. UserComponent\05. Item\02. Icon</Filter>
    </ClCompile>
    <ClCompile Include="UserComponent\HealingPackIcon.cpp">
      <Filter>02. UserComponent\05. Item\02. Icon</Filter>
    </ClCompile>
    <ClCompile Include="UserComponent\TabletIcon.cpp">
      <Filter>02. UserComponent\05. Item\02. Icon</Filter>
    </ClCompile>
    <ClCompile Include="UserComponent\PaperSilent.cpp">
      <Filter>02. UserComponent\05. Item\03. Document\01. 3DObject</Filter>
    </ClCompile>
    <ClCompile Include="UserComponent\Document.cpp">
      <Filter>02. UserComponent\05. Item\03. Document\02. DocIcon</Filter>
    </ClCompile>
    <ClCompile Include="UserComponent\PhoneMessage.cpp">
      <Filter>02. UserComponent\05. Item\03. Document\02. DocIcon</Filter>
    </ClCompile>
    <ClCompile Include="UserComponent\SilentMessage.cpp">
      <Filter>02. UserComponent\05. Item\03. Document\02. DocIcon</Filter>
    </ClCompile>
    <ClCompile Include="UserComponent\KeyInven.cpp">
      <Filter>02. UserComponent\04. UI\01. Inventory</Filter>
    </ClCompile>
    <ClCompile Include="UserComponent\KeyBigICon.cpp">
      <Filter>02. UserComponent\05. Item\04. Key\02. KeyIcon</Filter>
    </ClCompile>
    <ClCompile Include="UserComponent\KeyCard.cpp">
      <Filter>02. UserComponent\05. Item\04. Key\01. 3DObject</Filter>
    </ClCompile>
    <ClCompile Include="UserComponent\MasterKey.cpp">
      <Filter>02. UserComponent\05. Item\04. Key\02. KeyIcon</Filter>
    </ClCompile>
    <ClCompile Include="GameManager.cpp">
      <Filter>03. Manager</Filter>
    </ClCompile>
    <ClCompile Include="UserComponent\BulletCase.cpp">
      <Filter>02. UserComponent\03. Field</Filter>
    </ClCompile>
    <ClCompile Include="UserComponent\PaperGenerator.cpp">
      <Filter>02. UserComponent\05. Item\03. Document\01. 3DObject\01. Stage 1</Filter>
    </ClCompile>
    <ClCompile Include="UserComponent\EventMessage.cpp">
      <Filter>02. UserComponent\04. UI\03. Event</Filter>
    </ClCompile>
    <ClCompile Include="UserComponent\DocxGenerator.cpp">
      <Filter>02. UserComponent\05. Item\03. Document\02. DocIcon\01. Stage 1</Filter>
    </ClCompile>
    <ClCompile Include="UserComponent\PaperGongji.cpp">
      <Filter>02. UserComponent\05. Item\03. Document\01. 3DObject\01. Stage 1</Filter>
    </ClCompile>
    <ClCompile Include="UserComponent\DocxGongji.cpp">
      <Filter>02. UserComponent\05. Item\03. Document\02. DocIcon\01. Stage 1</Filter>
    </ClCompile>
    <ClCompile Include="UserComponent\MessageTH.cpp">
      <Filter>02. UserComponent\05. Item\03. Document\02. DocIcon\01. Stage 1</Filter>
    </ClCompile>
    <ClCompile Include="UserComponent\PaperMsgTH.cpp">
      <Filter>02. UserComponent\05. Item\03. Document\01. 3DObject\01. Stage 1</Filter>
    </ClCompile>
    <ClCompile Include="UserComponent\MessagePlanA.cpp">
      <Filter>02. UserComponent\05. Item\03. Document\02. DocIcon\02. Stage 2</Filter>
    </ClCompile>
    <ClCompile Include="UserComponent\PaperPlanA.cpp">
      <Filter>02. UserComponent\05. Item\03. Document\01. 3DObject\02. Stage 2</Filter>
    </ClCompile>
    <ClCompile Include="UserComponent\DocxTest.cpp">
      <Filter>02. UserComponent\05. Item\03. Document\02. DocIcon\02. Stage 2</Filter>
    </ClCompile>
    <ClCompile Include="UserComponent\PaperTest.cpp">
      <Filter>02. UserComponent\05. Item\03. Document\01. 3DObject\02. Stage 2</Filter>
    </ClCompile>
    <ClCompile Include="UserComponent\MessageBQ.cpp">
      <Filter>02. UserComponent\05. Item\03. Document\02. DocIcon\03. Stage 3</Filter>
    </ClCompile>
    <ClCompile Include="UserComponent\PaperBQ.cpp">
      <Filter>02. UserComponent\05. Item\03. Document\01. 3DObject\03. Stage 3</Filter>
    </ClCompile>
    <ClCompile Include="UserComponent\MeesagePL.cpp">
      <Filter>02. UserComponent\05. Item\03. Document\02. DocIcon\03. Stage 3</Filter>
    </ClCompile>
    <ClCompile Include="UserComponent\PaperPL.cpp">
      <Filter>02. UserComponent\05. Item\03. Document\01. 3DObject\03. Stage 3</Filter>
    </ClCompile>
    <ClCompile Include="SceneComponent\JBH_Stage3.cpp">
      <Filter>01. SceneComponent</Filter>
    </ClCompile>
    <ClCompile Include="UserComponent\ST3_Suprise.cpp">
      <Filter>01. SceneComponent\ST3\ST3_Suprise</Filter>
    </ClCompile>
    <ClCompile Include="UserComponent\ST3_See.cpp">
      <Filter>01. SceneComponent\ST3\ST3_See</Filter>
    </ClCompile>
    <ClCompile Include="UserComponent\NPCBase.cpp">
      <Filter>01. SceneComponent\ST3</Filter>
    </ClCompile>
    <ClCompile Include="UserComponent\EventCollider.cpp">
      <Filter>02. UserComponent\04. UI\03. Event</Filter>
    </ClCompile>
    <ClCompile Include="UserComponent\NoticeMessage.cpp">
      <Filter>02. UserComponent\04. UI\03. Event</Filter>
    </ClCompile>
    <ClCompile Include="SceneComponent\Stage1Scene.cpp">
      <Filter>01. SceneComponent</Filter>
    </ClCompile>
    <ClCompile Include="UserComponent\ST3_Slient.cpp">
      <Filter>01. SceneComponent\ST3\ST3_Slient</Filter>
    </ClCompile>
  </ItemGroup>
  <ItemGroup>
    <ResourceCompile Include="3DClient.rc">
      <Filter>리소스 파일</Filter>
    </ResourceCompile>
  </ItemGroup>
  <ItemGroup>
    <Image Include="icon1.ico">
      <Filter>리소스 파일</Filter>
    </Image>
  </ItemGroup>
  <ItemGroup>
    <Text Include="UserComponent\Player_Cam_Values.txt">
      <Filter>02. UserComponent\01. Player\Init_Values</Filter>
    </Text>
    <Text Include="UserComponent\Player_Interact_Values.txt">
      <Filter>02. UserComponent\01. Player\Init_Values</Filter>
    </Text>
    <Text Include="UserComponent\Player_Item_Values.txt">
      <Filter>02. UserComponent\01. Player\Init_Values</Filter>
    </Text>
    <Text Include="UserComponent\Player_Move_Values.txt">
      <Filter>02. UserComponent\01. Player\Init_Values</Filter>
    </Text>
    <Text Include="UserComponent\Player_Weapon_Values.txt">
      <Filter>02. UserComponent\01. Player\Init_Values</Filter>
    </Text>
  </ItemGroup>
</Project>