<?xml version="1.0" encoding="utf-8"?>
<Project ToolsVersion="4.0" xmlns="http://schemas.microsoft.com/developer/msbuild/2003">
  <ItemGroup>
    <Filter Include="소스 파일">
      <UniqueIdentifier>{4FC737F1-C7A5-4376-A066-2A32D752A2FF}</UniqueIdentifier>
      <Extensions>cpp;c;cc;cxx;def;odl;idl;hpj;bat;asm;asmx</Extensions>
    </Filter>
    <Filter Include="헤더 파일">
      <UniqueIdentifier>{93995380-89BD-4b04-88EB-625FBE52EBFB}</UniqueIdentifier>
      <Extensions>h;hh;hpp;hxx;hm;inl;inc;ipp;xsd</Extensions>
    </Filter>
    <Filter Include="리소스 파일">
      <UniqueIdentifier>{67DA6AB6-F800-4c08-8B7A-83BB121AAD01}</UniqueIdentifier>
      <Extensions>rc;ico;cur;bmp;dlg;rc2;rct;bin;rgs;gif;jpg;jpeg;jpe;resx;tiff;tif;png;wav;mfcribbon-ms</Extensions>
    </Filter>
    <Filter Include="01. SceneComponent">
      <UniqueIdentifier>{b2093e84-ebb5-4c34-ad31-17f005aac64d}</UniqueIdentifier>
    </Filter>
    <Filter Include="02. UserComponent">
      <UniqueIdentifier>{ccf439c4-579f-4acc-805e-afabf4a3dcac}</UniqueIdentifier>
    </Filter>
    <Filter Include="02. UserComponent\01. Player">
      <UniqueIdentifier>{a3696cd4-c3f0-434c-b0f3-a77b0367be62}</UniqueIdentifier>
    </Filter>
    <Filter Include="02. UserComponent\02. Monster">
      <UniqueIdentifier>{69f2d9a9-88da-4338-9a78-b7cc408f4a1a}</UniqueIdentifier>
    </Filter>
    <Filter Include="02. UserComponent\03. Field">
      <UniqueIdentifier>{4c081a99-a9d3-407e-84df-a1449385a06c}</UniqueIdentifier>
    </Filter>
    <Filter Include="02. UserComponent\04. UI">
      <UniqueIdentifier>{2013d5d9-3504-4da1-b5b5-f876934b010b}</UniqueIdentifier>
    </Filter>
  </ItemGroup>
  <ItemGroup>
    <ClInclude Include="resource.h">
      <Filter>헤더 파일</Filter>
    </ClInclude>
    <ClInclude Include="SceneComponent\MainScene.h">
      <Filter>01. SceneComponent</Filter>
    </ClInclude>
    <ClInclude Include="SceneComponent\StartScene.h">
      <Filter>01. SceneComponent</Filter>
    </ClInclude>
    <ClInclude Include="SceneComponent\FirTestScene.h">
      <Filter>01. SceneComponent</Filter>
    </ClInclude>
    <ClInclude Include="SceneComponent\SecTestScene.h">
      <Filter>01. SceneComponent</Filter>
    </ClInclude>
    <ClInclude Include="SceneComponent\TrdTestScene.h">
      <Filter>01. SceneComponent</Filter>
    </ClInclude>
    <ClInclude Include="ClientHeader.h">
      <Filter>헤더 파일</Filter>
    </ClInclude>
    <ClInclude Include="SceneComponent\LogoScene.h">
      <Filter>01. SceneComponent</Filter>
    </ClInclude>
    <ClInclude Include="SceneComponent\TestScene.h">
      <Filter>01. SceneComponent</Filter>
    </ClInclude>
    <ClInclude Include="SceneComponent\RandScapeTestScene.h">
      <Filter>01. SceneComponent</Filter>
    </ClInclude>
    <ClInclude Include="UserComponent\Player.h">
      <Filter>02. UserComponent\01. Player</Filter>
    </ClInclude>
    <ClInclude Include="UserComponent\Minion.h">
      <Filter>02. UserComponent\02. Monster</Filter>
    </ClInclude>
    <ClInclude Include="UserComponent\Door.h">
      <Filter>02. UserComponent\03. Field</Filter>
    </ClInclude>
    <ClInclude Include="UserComponent\Field.h">
      <Filter>02. UserComponent\03. Field</Filter>
    </ClInclude>
    <ClInclude Include="Client.h">
      <Filter>헤더 파일</Filter>
    </ClInclude>
    <ClInclude Include="UserComponent\Ghost.h">
      <Filter>02. UserComponent\02. Monster</Filter>
    </ClInclude>
    <ClInclude Include="UserComponent\Inventory.h">
      <Filter>02. UserComponent\04. UI</Filter>
    </ClInclude>
    <ClInclude Include="UserComponent\Zipper.h">
      <Filter>02. UserComponent\04. UI</Filter>
    </ClInclude>
    <ClInclude Include="UserComponent\Human_Player.h">
      <Filter>02. UserComponent\01. Player</Filter>
    </ClInclude>
  </ItemGroup>
  <ItemGroup>
    <ClCompile Include="main.cpp">
      <Filter>소스 파일</Filter>
    </ClCompile>
    <ClCompile Include="SceneComponent\MainScene.cpp">
      <Filter>01. SceneComponent</Filter>
    </ClCompile>
    <ClCompile Include="SceneComponent\StartScene.cpp">
      <Filter>01. SceneComponent</Filter>
    </ClCompile>
    <ClCompile Include="SceneComponent\FirTestScene.cpp">
      <Filter>01. SceneComponent</Filter>
    </ClCompile>
    <ClCompile Include="SceneComponent\SecTestScene.cpp">
      <Filter>01. SceneComponent</Filter>
    </ClCompile>
    <ClCompile Include="SceneComponent\TrdTestScene.cpp">
      <Filter>01. SceneComponent</Filter>
    </ClCompile>
    <ClCompile Include="SceneComponent\LogoScene.cpp">
      <Filter>01. SceneComponent</Filter>
    </ClCompile>
    <ClCompile Include="SceneComponent\TestScene.cpp">
      <Filter>01. SceneComponent</Filter>
    </ClCompile>
    <ClCompile Include="SceneComponent\RandScapeTestScene.cpp">
      <Filter>01. SceneComponent</Filter>
    </ClCompile>
    <ClCompile Include="UserComponent\Player.cpp">
      <Filter>02. UserComponent\01. Player</Filter>
    </ClCompile>
    <ClCompile Include="UserComponent\Minion.cpp">
      <Filter>02. UserComponent\02. Monster</Filter>
    </ClCompile>
    <ClCompile Include="UserComponent\Door.cpp">
      <Filter>02. UserComponent\03. Field</Filter>
    </ClCompile>
    <ClCompile Include="UserComponent\Field.cpp">
      <Filter>02. UserComponent\03. Field</Filter>
    </ClCompile>
    <ClCompile Include="UserComponent\Ghost.cpp">
      <Filter>02. UserComponent\02. Monster</Filter>
    </ClCompile>
    <ClCompile Include="UserComponent\Inventory.cpp">
      <Filter>02. UserComponent\04. UI</Filter>
    </ClCompile>
    <ClCompile Include="UserComponent\Zipper.cpp">
      <Filter>02. UserComponent\04. UI</Filter>
    </ClCompile>
    <ClCompile Include="UserComponent\Human_Player.cpp">
      <Filter>02. UserComponent\01. Player</Filter>
    </ClCompile>
  </ItemGroup>
  <ItemGroup>
    <ResourceCompile Include="3DClient.rc">
      <Filter>리소스 파일</Filter>
    </ResourceCompile>
  </ItemGroup>
  <ItemGroup>
    <Image Include="icon1.ico">
      <Filter>리소스 파일</Filter>
    </Image>
  </ItemGroup>
</Project>